
Microsoft Visual Studio Solution File, Format Version 12.00
# Visual Studio 2013
VisualStudioVersion = 12.0.40629.0
MinimumVisualStudioVersion = 10.0.40219.1
Project("{FAE04EC0-301F-11D3-BF4B-00C04F79EFBC}") = "Repaso EC3", "Repaso EC3\Repaso EC3.csproj", "{A5FCDE55-86C8-4E99-B3A9-01AFE8997636}"
EndProject
Global
	GlobalSection(SolutionConfigurationPlatforms) = preSolution
		Debug|ARM = Debug|ARM
		Debug|x86 = Debug|x86
		Release|ARM = Release|ARM
		Release|x86 = Release|x86
	EndGlobalSection
	GlobalSection(ProjectConfigurationPlatforms) = postSolution
		{A5FCDE55-86C8-4E99-B3A9-01AFE8997636}.Debug|ARM.ActiveCfg = Debug|ARM
		{A5FCDE55-86C8-4E99-B3A9-01AFE8997636}.Debug|ARM.Build.0 = Debug|ARM
		{A5FCDE55-86C8-4E99-B3A9-01AFE8997636}.Debug|ARM.Deploy.0 = Debug|ARM
		{A5FCDE55-86C8-4E99-B3A9-01AFE8997636}.Debug|x86.ActiveCfg = Debug|x86
		{A5FCDE55-86C8-4E99-B3A9-01AFE8997636}.Debug|x86.Build.0 = Debug|x86
		{A5FCDE55-86C8-4E99-B3A9-01AFE8997636}.Debug|x86.Deploy.0 = Debug|x86
		{A5FCDE55-86C8-4E99-B3A9-01AFE8997636}.Release|ARM.ActiveCfg = Release|ARM
		{A5FCDE55-86C8-4E99-B3A9-01AFE8997636}.Release|ARM.Build.0 = Release|ARM
		{A5FCDE55-86C8-4E99-B3A9-01AFE8997636}.Release|ARM.Deploy.0 = Release|ARM
		{A5FCDE55-86C8-4E99-B3A9-01AFE8997636}.Release|x86.ActiveCfg = Release|x86
		{A5FCDE55-86C8-4E99-B3A9-01AFE8997636}.Release|x86.Build.0 = Release|x86
		{A5FCDE55-86C8-4E99-B3A9-01AFE8997636}.Release|x86.Deploy.0 = Release|x86
	EndGlobalSection
	GlobalSection(SolutionProperties) = preSolution
		HideSolutionNode = FALSE
	EndGlobalSection
EndGlobal
